
Microsoft Visual Studio Solution File, Format Version 12.00
# Visual Studio Version 17
VisualStudioVersion = 17.6.33815.320
MinimumVisualStudioVersion = 10.0.40219.1
Project("{9A19103F-16F7-4668-BE54-9A1E7A4F7556}") = "DAClient", "DAClient\DAClient.csproj", "{ECC59EBD-3BD7-43F9-84F7-880300DF37F1}"
EndProject
Project("{FAE04EC0-301F-11D3-BF4B-00C04F79EFBC}") = "LMVExtractor", "Plugin\LMVExtractor.csproj", "{EE6F8825-9282-4117-BA61-2471452CED72}"
EndProject
Global
	GlobalSection(SolutionConfigurationPlatforms) = preSolution
		Debug|Any CPU = Debug|Any CPU
		Debug|x64 = Debug|x64
		Release|Any CPU = Release|Any CPU
		Release|x64 = Release|x64
	EndGlobalSection
	GlobalSection(ProjectConfigurationPlatforms) = postSolution
		{ECC59EBD-3BD7-43F9-84F7-880300DF37F1}.Debug|Any CPU.ActiveCfg = Debug|Any CPU
		{ECC59EBD-3BD7-43F9-84F7-880300DF37F1}.Debug|Any CPU.Build.0 = Debug|Any CPU
		{ECC59EBD-3BD7-43F9-84F7-880300DF37F1}.Debug|x64.ActiveCfg = Debug|x64
		{ECC59EBD-3BD7-43F9-84F7-880300DF37F1}.Debug|x64.Build.0 = Debug|x64
		{ECC59EBD-3BD7-43F9-84F7-880300DF37F1}.Release|Any CPU.ActiveCfg = Release|Any CPU
		{ECC59EBD-3BD7-43F9-84F7-880300DF37F1}.Release|Any CPU.Build.0 = Release|Any CPU
		{ECC59EBD-3BD7-43F9-84F7-880300DF37F1}.Release|x64.ActiveCfg = Release|Any CPU
		{ECC59EBD-3BD7-43F9-84F7-880300DF37F1}.Release|x64.Build.0 = Release|Any CPU
		{EE6F8825-9282-4117-BA61-2471452CED72}.Debug|Any CPU.ActiveCfg = Debug|Any CPU
		{EE6F8825-9282-4117-BA61-2471452CED72}.Debug|Any CPU.Build.0 = Debug|Any CPU
		{EE6F8825-9282-4117-BA61-2471452CED72}.Debug|x64.ActiveCfg = Debug|x64
		{EE6F8825-9282-4117-BA61-2471452CED72}.Debug|x64.Build.0 = Debug|x64
		{EE6F8825-9282-4117-BA61-2471452CED72}.Release|Any CPU.ActiveCfg = Release|Any CPU
		{EE6F8825-9282-4117-BA61-2471452CED72}.Release|Any CPU.Build.0 = Release|Any CPU
		{EE6F8825-9282-4117-BA61-2471452CED72}.Release|x64.ActiveCfg = Release|x64
		{EE6F8825-9282-4117-BA61-2471452CED72}.Release|x64.Build.0 = Release|x64
	EndGlobalSection
	GlobalSection(SolutionProperties) = preSolution
		HideSolutionNode = FALSE
	EndGlobalSection
	GlobalSection(ExtensibilityGlobals) = postSolution
		SolutionGuid = {26648252-A88F-41AC-A906-4F30BC7C9786}
	EndGlobalSection
EndGlobal
